{
  "object": {
    "pins": [
      {
        "package": "SWXMLHash",
        "repositoryURL": "https://github.com/martinpucik/SWXMLHash",
        "state": {
          "branch": "patch-1",
          "revision": "e7869235ac2e4a24a35ffd05f20a5a9e652b1bdf",
          "version": null
        }
      }
    ]
  },
  "version": 1
}
