{
  "object": {
    "pins": [
      {
        "package": "SWXMLHash",
        "repositoryURL": "https://github.com/drmohundro/SWXMLHash",
        "state": {
          "branch": "main",
          "revision": "42480d9dd86d4119cd279a34aa8d24c170652351",
          "version": null
        }
      }
    ]
  },
  "version": 1
}
